
Microsoft Visual Studio Solution File, Format Version 12.00
# Visual Studio 15
VisualStudioVersion = 15.0.26730.8
MinimumVisualStudioVersion = 10.0.40219.1
Project("{FAE04EC0-301F-11D3-BF4B-00C04F79EFBC}") = "CodeLensGeneral", "CodeLensGeneral\CodeLensGeneral.csproj", "{B67CA2CA-9051-45C4-9A21-DC96B67D19AF}"
EndProject
Project("{F2A71F9B-5D33-465A-A702-920D77279786}") = "CodeLensImplementation", "CodeLensImplementation\CodeLensImplementation.fsproj", "{BE0DD4B9-7190-4E95-93D5-704C660064C1}"
EndProject
Global
	GlobalSection(SolutionConfigurationPlatforms) = preSolution
		Debug|Any CPU = Debug|Any CPU
		Release|Any CPU = Release|Any CPU
	EndGlobalSection
	GlobalSection(ProjectConfigurationPlatforms) = postSolution
		{B67CA2CA-9051-45C4-9A21-DC96B67D19AF}.Debug|Any CPU.ActiveCfg = Debug|Any CPU
		{B67CA2CA-9051-45C4-9A21-DC96B67D19AF}.Debug|Any CPU.Build.0 = Debug|Any CPU
		{B67CA2CA-9051-45C4-9A21-DC96B67D19AF}.Release|Any CPU.ActiveCfg = Release|Any CPU
		{B67CA2CA-9051-45C4-9A21-DC96B67D19AF}.Release|Any CPU.Build.0 = Release|Any CPU
		{BE0DD4B9-7190-4E95-93D5-704C660064C1}.Debug|Any CPU.ActiveCfg = Debug|Any CPU
		{BE0DD4B9-7190-4E95-93D5-704C660064C1}.Debug|Any CPU.Build.0 = Debug|Any CPU
		{BE0DD4B9-7190-4E95-93D5-704C660064C1}.Release|Any CPU.ActiveCfg = Release|Any CPU
		{BE0DD4B9-7190-4E95-93D5-704C660064C1}.Release|Any CPU.Build.0 = Release|Any CPU
	EndGlobalSection
	GlobalSection(SolutionProperties) = preSolution
		HideSolutionNode = FALSE
	EndGlobalSection
	GlobalSection(ExtensibilityGlobals) = postSolution
		SolutionGuid = {72164F1E-5AFB-4584-A268-5489190BF2D3}
	EndGlobalSection
EndGlobal
